
Microsoft Visual Studio Solution File, Format Version 12.00
# Visual Studio Version 16
VisualStudioVersion = 16.0.30114.105
MinimumVisualStudioVersion = 10.0.40219.1
Project("{FAE04EC0-301F-11D3-BF4B-00C04F79EFBC}") = "V1_0_0.Tests", "V1_0_0.Tests\V1_0_0.Tests.csproj", "{C147323F-627F-454E-8959-63E18BFE9D83}"
EndProject
Project("{FAE04EC0-301F-11D3-BF4B-00C04F79EFBC}") = "V1_0_0", "V1_0_0\V1_0_0.csproj", "{DC72934B-7412-406D-B513-3A43D860907C}"
EndProject
Global
	GlobalSection(SolutionConfigurationPlatforms) = preSolution
		Debug|Any CPU = Debug|Any CPU
		Release|Any CPU = Release|Any CPU
	EndGlobalSection
	GlobalSection(SolutionProperties) = preSolution
		HideSolutionNode = FALSE
	EndGlobalSection
	GlobalSection(ProjectConfigurationPlatforms) = postSolution
		{C147323F-627F-454E-8959-63E18BFE9D83}.Debug|Any CPU.ActiveCfg = Debug|Any CPU
		{C147323F-627F-454E-8959-63E18BFE9D83}.Debug|Any CPU.Build.0 = Debug|Any CPU
		{C147323F-627F-454E-8959-63E18BFE9D83}.Release|Any CPU.ActiveCfg = Release|Any CPU
		{C147323F-627F-454E-8959-63E18BFE9D83}.Release|Any CPU.Build.0 = Release|Any CPU
		{DC72934B-7412-406D-B513-3A43D860907C}.Debug|Any CPU.ActiveCfg = Debug|Any CPU
		{DC72934B-7412-406D-B513-3A43D860907C}.Debug|Any CPU.Build.0 = Debug|Any CPU
		{DC72934B-7412-406D-B513-3A43D860907C}.Release|Any CPU.ActiveCfg = Release|Any CPU
		{DC72934B-7412-406D-B513-3A43D860907C}.Release|Any CPU.Build.0 = Release|Any CPU
	EndGlobalSection
EndGlobal
